
Microsoft Visual Studio Solution File, Format Version 12.00
# Visual Studio 15
VisualStudioVersion = 15.0.28307.136
MinimumVisualStudioVersion = 10.0.40219.1
Project("{FAE04EC0-301F-11D3-BF4B-00C04F79EFBC}") = "math", "math\math.csproj", "{8CE7A450-F8D3-4599-8917-555DFE2F433D}"
EndProject
Project("{FAE04EC0-301F-11D3-BF4B-00C04F79EFBC}") = "symlib", "symlib\symlib.csproj", "{B926A9CF-15CD-4FD8-9901-64941F6EFC4B}"
EndProject
Project("{FAE04EC0-301F-11D3-BF4B-00C04F79EFBC}") = "symlib test", "symlib test\symlib test.csproj", "{1A66F0BD-2B62-4161-98EB-60B9BBE14490}"
EndProject
Global
	GlobalSection(SolutionConfigurationPlatforms) = preSolution
		Debug|Any CPU = Debug|Any CPU
		Release|Any CPU = Release|Any CPU
	EndGlobalSection
	GlobalSection(ProjectConfigurationPlatforms) = postSolution
		{8CE7A450-F8D3-4599-8917-555DFE2F433D}.Debug|Any CPU.ActiveCfg = Debug|Any CPU
		{8CE7A450-F8D3-4599-8917-555DFE2F433D}.Debug|Any CPU.Build.0 = Debug|Any CPU
		{8CE7A450-F8D3-4599-8917-555DFE2F433D}.Release|Any CPU.ActiveCfg = Release|Any CPU
		{8CE7A450-F8D3-4599-8917-555DFE2F433D}.Release|Any CPU.Build.0 = Release|Any CPU
		{B926A9CF-15CD-4FD8-9901-64941F6EFC4B}.Debug|Any CPU.ActiveCfg = Debug|Any CPU
		{B926A9CF-15CD-4FD8-9901-64941F6EFC4B}.Debug|Any CPU.Build.0 = Debug|Any CPU
		{B926A9CF-15CD-4FD8-9901-64941F6EFC4B}.Release|Any CPU.ActiveCfg = Release|Any CPU
		{B926A9CF-15CD-4FD8-9901-64941F6EFC4B}.Release|Any CPU.Build.0 = Release|Any CPU
		{1A66F0BD-2B62-4161-98EB-60B9BBE14490}.Debug|Any CPU.ActiveCfg = Debug|Any CPU
		{1A66F0BD-2B62-4161-98EB-60B9BBE14490}.Debug|Any CPU.Build.0 = Debug|Any CPU
		{1A66F0BD-2B62-4161-98EB-60B9BBE14490}.Release|Any CPU.ActiveCfg = Release|Any CPU
		{1A66F0BD-2B62-4161-98EB-60B9BBE14490}.Release|Any CPU.Build.0 = Release|Any CPU
	EndGlobalSection
	GlobalSection(SolutionProperties) = preSolution
		HideSolutionNode = FALSE
	EndGlobalSection
	GlobalSection(ExtensibilityGlobals) = postSolution
		SolutionGuid = {543FF350-0818-49D7-AADD-9B8B6F06545D}
	EndGlobalSection
EndGlobal
